
Microsoft Visual Studio Solution File, Format Version 12.00
# Visual Studio Version 17
VisualStudioVersion = 17.6.33801.468
MinimumVisualStudioVersion = 10.0.40219.1
Project("{9A19103F-16F7-4668-BE54-9A1E7A4F7556}") = "Arrays", "Arrays\Arrays.csproj", "{3B27CFD7-B0DC-4A80-86D1-28B3355A9CB8}"
EndProject
Project("{9A19103F-16F7-4668-BE54-9A1E7A4F7556}") = "BaseKeyword", "BaseKeyword\BaseKeyword.csproj", "{F7975994-C977-4D73-BD0F-27BD9B56D8ED}"
EndProject
Project("{9A19103F-16F7-4668-BE54-9A1E7A4F7556}") = "ClassLibraryOne", "ClassLibraryOne\ClassLibraryOne.csproj", "{D0F1AF3B-A697-4E1C-9653-6A6A3266E2B3}"
EndProject
Project("{9A19103F-16F7-4668-BE54-9A1E7A4F7556}") = "Datatypes", "Datatypes\Datatypes.csproj", "{AE25E804-B19C-47F0-9D83-0C866AF5FD80}"
EndProject
Project("{9A19103F-16F7-4668-BE54-9A1E7A4F7556}") = "DelegateUsage", "DelegateUsage\DelegateUsage.csproj", "{2DA6090E-7998-4FC3-9A27-4BF5D8F1F0F6}"
EndProject
Project("{9A19103F-16F7-4668-BE54-9A1E7A4F7556}") = "Delegates", "Delegates\Delegates.csproj", "{D609ED85-0730-4B7D-BCEC-7ED89C346853}"
EndProject
Project("{9A19103F-16F7-4668-BE54-9A1E7A4F7556}") = "ExceptionDemo", "ExceptionDemo\ExceptionDemo.csproj", "{33B7519F-85AB-45A8-B347-BC7E9AEC01CA}"
EndProject
Project("{9A19103F-16F7-4668-BE54-9A1E7A4F7556}") = "Functions", "Functions\Functions.csproj", "{7F92D1F8-A4AC-45C8-8807-73131B9980E3}"
EndProject
Project("{9A19103F-16F7-4668-BE54-9A1E7A4F7556}") = "GenericsDemo", "GenericsDemo\GenericsDemo.csproj", "{17EBA771-FE30-44B8-899E-303204866D27}"
EndProject
Project("{9A19103F-16F7-4668-BE54-9A1E7A4F7556}") = "Inheritance", "Inheritance\Inheritance.csproj", "{B5500177-1572-43D8-B2CE-CD24CB9BBB87}"
EndProject
Project("{9A19103F-16F7-4668-BE54-9A1E7A4F7556}") = "InheritanceOne", "InheritanceOne\InheritanceOne.csproj", "{2F0B7A7C-3CE9-45E6-B606-27CFA834222C}"
EndProject
Project("{9A19103F-16F7-4668-BE54-9A1E7A4F7556}") = "Interface", "Interface\Interface.csproj", "{54C54D1C-070B-4C77-BD7F-DBFD574FA605}"
EndProject
Project("{9A19103F-16F7-4668-BE54-9A1E7A4F7556}") = "InterfaceRealUsage", "InterfaceRealUsage\InterfaceRealUsage.csproj", "{E9186C98-5876-448B-97DE-D744CA85FFFF}"
EndProject
Project("{9A19103F-16F7-4668-BE54-9A1E7A4F7556}") = "InterfaceUsage", "InterfaceUsage\InterfaceUsage.csproj", "{F85B8DC6-6C89-45FB-A6EB-A124AB710FFD}"
EndProject
Project("{9A19103F-16F7-4668-BE54-9A1E7A4F7556}") = "LambdaExpression", "LambdaExpression\LambdaExpression.csproj", "{8B629655-1750-40C5-8FCC-701483E8D6E7}"
EndProject
Project("{9A19103F-16F7-4668-BE54-9A1E7A4F7556}") = "ListDemo", "ListDemo\ListDemo.csproj", "{3CBD4CBB-7E01-4D6B-A17C-7629BED96F68}"
EndProject
Project("{9A19103F-16F7-4668-BE54-9A1E7A4F7556}") = "MethodHiding", "MethodHiding\MethodHiding.csproj", "{816AAA1F-4D9A-4086-A874-126F14B56FBA}"
EndProject
Project("{9A19103F-16F7-4668-BE54-9A1E7A4F7556}") = "MethodOverriding", "MethodOverriding\MethodOverriding.csproj", "{143F2FBC-D2AC-40F2-A001-E04A94D930DF}"
EndProject
Project("{9A19103F-16F7-4668-BE54-9A1E7A4F7556}") = "NewGenDelegates", "NewGenDelegates\NewGenDelegates.csproj", "{23D927E8-DB0F-42A5-A634-1EC9CEF511E4}"
EndProject
Project("{9A19103F-16F7-4668-BE54-9A1E7A4F7556}") = "OddNumberException", "OddNumberException\OddNumberException.csproj", "{8F575FA0-9A7C-4346-84C6-1500AEF94DED}"
EndProject
Project("{9A19103F-16F7-4668-BE54-9A1E7A4F7556}") = "OptionalParameters", "OptionalParameters\OptionalParameters.csproj", "{57FA0269-E13A-468B-AEB1-4833E9FA6CC2}"
EndProject
Project("{9A19103F-16F7-4668-BE54-9A1E7A4F7556}") = "PassByValueAndPassByReference", "PassByValueAndPassByReference\PassByValueAndPassByReference.csproj", "{CD553DA0-7FF9-49AE-A47F-E4CDA2C1F51E}"
EndProject
Project("{9A19103F-16F7-4668-BE54-9A1E7A4F7556}") = "Polymorphism", "Polymorphism\Polymorphism.csproj", "{A352F5F1-20F6-4C1C-A5D8-CAB26DD66A4E}"
EndProject
Project("{9A19103F-16F7-4668-BE54-9A1E7A4F7556}") = "ReturnClass", "ReturnClass\ReturnClass.csproj", "{E3970EDC-41E4-4E55-8A86-3F75CAA053A5}"
EndProject
Project("{9A19103F-16F7-4668-BE54-9A1E7A4F7556}") = "SortingComplexTypes", "SortingComplexTypes\SortingComplexTypes.csproj", "{7680AE8D-73FF-4737-8C1E-64045279C87A}"
EndProject
Project("{9A19103F-16F7-4668-BE54-9A1E7A4F7556}") = "StaticKeyword", "StaticKeyword\StaticKeyword.csproj", "{30E11651-2D8A-494E-9ECE-E80BFB964EC9}"
EndProject
Project("{9A19103F-16F7-4668-BE54-9A1E7A4F7556}") = "ThisKeyword", "ThisKeyword\ThisKeyword.csproj", "{7F8EEAE3-C883-4D28-B1F4-A1952E5E30E4}"
EndProject
Project("{9A19103F-16F7-4668-BE54-9A1E7A4F7556}") = "ThreadDemo", "ThreadDemo\ThreadDemo.csproj", "{D0E45AA3-0973-4965-82B6-2931AB17F5AF}"
EndProject
Project("{9A19103F-16F7-4668-BE54-9A1E7A4F7556}") = "ParameterizedThread", "ParameterizedThread\ParameterizedThread.csproj", "{6AF85F91-B25F-420B-95DB-5CBC106846E4}"
EndProject
Project("{2150E333-8FDC-42A3-9474-1A3956D46DE8}") = "UnitTesting", "UnitTesting", "{15DAA8AD-F69A-4641-BDC3-510C2EDD1D0C}"
EndProject
Project("{2150E333-8FDC-42A3-9474-1A3956D46DE8}") = "Learning", "Learning", "{07C899F5-6C33-4DDA-856E-A1BF6F4AAF73}"
EndProject
Project("{2150E333-8FDC-42A3-9474-1A3956D46DE8}") = "src", "src", "{C3209D18-B9AB-45CE-A8F1-C12C4922B552}"
EndProject
Project("{2150E333-8FDC-42A3-9474-1A3956D46DE8}") = "test", "test", "{BBCEB379-41C0-49CF-9E53-1F40C1464D52}"
EndProject
Project("{9A19103F-16F7-4668-BE54-9A1E7A4F7556}") = "ValueTypes", "UnitTesting\src\ValueTypes\ValueTypes.csproj", "{9A6E06EF-D6FD-4060-8C7B-196748E6571F}"
EndProject
Project("{9A19103F-16F7-4668-BE54-9A1E7A4F7556}") = "ValueTypes.Tests.Unit", "UnitTesting\test\ValueTypes.Tests.Unit\ValueTypes.Tests.Unit.csproj", "{5100EDAC-DEB6-436C-B4C1-75F19B3E4C0C}"
EndProject
Project("{2150E333-8FDC-42A3-9474-1A3956D46DE8}") = "SelfLearning", "SelfLearning", "{6D03F0C2-A5CC-4F42-B959-107C90DCFB6F}"
EndProject
Project("{9A19103F-16F7-4668-BE54-9A1E7A4F7556}") = "ExtensionMethodDemo", "SelfLearning\ExtensionMethod\ExtensionMethodDemo.csproj", "{BE1B69DC-A02F-4700-952F-4204E7E96172}"
EndProject
Project("{9A19103F-16F7-4668-BE54-9A1E7A4F7556}") = "Serialization", "SelfLearning\Serialization\Serialization.csproj", "{B59E01CA-9032-4903-9CBA-EA8A02369823}"
EndProject
Project("{9A19103F-16F7-4668-BE54-9A1E7A4F7556}") = "Operators", "Learning\Operators\Operators.csproj", "{1FAC94E0-FDE2-4193-BC32-3FCB37508CEC}"
EndProject
Global
	GlobalSection(SolutionConfigurationPlatforms) = preSolution
		Debug|Any CPU = Debug|Any CPU
		Release|Any CPU = Release|Any CPU
	EndGlobalSection
	GlobalSection(ProjectConfigurationPlatforms) = postSolution
		{3B27CFD7-B0DC-4A80-86D1-28B3355A9CB8}.Debug|Any CPU.ActiveCfg = Debug|Any CPU
		{3B27CFD7-B0DC-4A80-86D1-28B3355A9CB8}.Debug|Any CPU.Build.0 = Debug|Any CPU
		{3B27CFD7-B0DC-4A80-86D1-28B3355A9CB8}.Release|Any CPU.ActiveCfg = Release|Any CPU
		{3B27CFD7-B0DC-4A80-86D1-28B3355A9CB8}.Release|Any CPU.Build.0 = Release|Any CPU
		{F7975994-C977-4D73-BD0F-27BD9B56D8ED}.Debug|Any CPU.ActiveCfg = Debug|Any CPU
		{F7975994-C977-4D73-BD0F-27BD9B56D8ED}.Debug|Any CPU.Build.0 = Debug|Any CPU
		{F7975994-C977-4D73-BD0F-27BD9B56D8ED}.Release|Any CPU.ActiveCfg = Release|Any CPU
		{F7975994-C977-4D73-BD0F-27BD9B56D8ED}.Release|Any CPU.Build.0 = Release|Any CPU
		{D0F1AF3B-A697-4E1C-9653-6A6A3266E2B3}.Debug|Any CPU.ActiveCfg = Debug|Any CPU
		{D0F1AF3B-A697-4E1C-9653-6A6A3266E2B3}.Debug|Any CPU.Build.0 = Debug|Any CPU
		{D0F1AF3B-A697-4E1C-9653-6A6A3266E2B3}.Release|Any CPU.ActiveCfg = Release|Any CPU
		{D0F1AF3B-A697-4E1C-9653-6A6A3266E2B3}.Release|Any CPU.Build.0 = Release|Any CPU
		{AE25E804-B19C-47F0-9D83-0C866AF5FD80}.Debug|Any CPU.ActiveCfg = Debug|Any CPU
		{AE25E804-B19C-47F0-9D83-0C866AF5FD80}.Debug|Any CPU.Build.0 = Debug|Any CPU
		{AE25E804-B19C-47F0-9D83-0C866AF5FD80}.Release|Any CPU.ActiveCfg = Release|Any CPU
		{AE25E804-B19C-47F0-9D83-0C866AF5FD80}.Release|Any CPU.Build.0 = Release|Any CPU
		{2DA6090E-7998-4FC3-9A27-4BF5D8F1F0F6}.Debug|Any CPU.ActiveCfg = Debug|Any CPU
		{2DA6090E-7998-4FC3-9A27-4BF5D8F1F0F6}.Debug|Any CPU.Build.0 = Debug|Any CPU
		{2DA6090E-7998-4FC3-9A27-4BF5D8F1F0F6}.Release|Any CPU.ActiveCfg = Release|Any CPU
		{2DA6090E-7998-4FC3-9A27-4BF5D8F1F0F6}.Release|Any CPU.Build.0 = Release|Any CPU
		{D609ED85-0730-4B7D-BCEC-7ED89C346853}.Debug|Any CPU.ActiveCfg = Debug|Any CPU
		{D609ED85-0730-4B7D-BCEC-7ED89C346853}.Debug|Any CPU.Build.0 = Debug|Any CPU
		{D609ED85-0730-4B7D-BCEC-7ED89C346853}.Release|Any CPU.ActiveCfg = Release|Any CPU
		{D609ED85-0730-4B7D-BCEC-7ED89C346853}.Release|Any CPU.Build.0 = Release|Any CPU
		{33B7519F-85AB-45A8-B347-BC7E9AEC01CA}.Debug|Any CPU.ActiveCfg = Debug|Any CPU
		{33B7519F-85AB-45A8-B347-BC7E9AEC01CA}.Debug|Any CPU.Build.0 = Debug|Any CPU
		{33B7519F-85AB-45A8-B347-BC7E9AEC01CA}.Release|Any CPU.ActiveCfg = Release|Any CPU
		{33B7519F-85AB-45A8-B347-BC7E9AEC01CA}.Release|Any CPU.Build.0 = Release|Any CPU
		{7F92D1F8-A4AC-45C8-8807-73131B9980E3}.Debug|Any CPU.ActiveCfg = Debug|Any CPU
		{7F92D1F8-A4AC-45C8-8807-73131B9980E3}.Debug|Any CPU.Build.0 = Debug|Any CPU
		{7F92D1F8-A4AC-45C8-8807-73131B9980E3}.Release|Any CPU.ActiveCfg = Release|Any CPU
		{7F92D1F8-A4AC-45C8-8807-73131B9980E3}.Release|Any CPU.Build.0 = Release|Any CPU
		{17EBA771-FE30-44B8-899E-303204866D27}.Debug|Any CPU.ActiveCfg = Debug|Any CPU
		{17EBA771-FE30-44B8-899E-303204866D27}.Debug|Any CPU.Build.0 = Debug|Any CPU
		{17EBA771-FE30-44B8-899E-303204866D27}.Release|Any CPU.ActiveCfg = Release|Any CPU
		{17EBA771-FE30-44B8-899E-303204866D27}.Release|Any CPU.Build.0 = Release|Any CPU
		{B5500177-1572-43D8-B2CE-CD24CB9BBB87}.Debug|Any CPU.ActiveCfg = Debug|Any CPU
		{B5500177-1572-43D8-B2CE-CD24CB9BBB87}.Debug|Any CPU.Build.0 = Debug|Any CPU
		{B5500177-1572-43D8-B2CE-CD24CB9BBB87}.Release|Any CPU.ActiveCfg = Release|Any CPU
		{B5500177-1572-43D8-B2CE-CD24CB9BBB87}.Release|Any CPU.Build.0 = Release|Any CPU
		{2F0B7A7C-3CE9-45E6-B606-27CFA834222C}.Debug|Any CPU.ActiveCfg = Debug|Any CPU
		{2F0B7A7C-3CE9-45E6-B606-27CFA834222C}.Debug|Any CPU.Build.0 = Debug|Any CPU
		{2F0B7A7C-3CE9-45E6-B606-27CFA834222C}.Release|Any CPU.ActiveCfg = Release|Any CPU
		{2F0B7A7C-3CE9-45E6-B606-27CFA834222C}.Release|Any CPU.Build.0 = Release|Any CPU
		{54C54D1C-070B-4C77-BD7F-DBFD574FA605}.Debug|Any CPU.ActiveCfg = Debug|Any CPU
		{54C54D1C-070B-4C77-BD7F-DBFD574FA605}.Debug|Any CPU.Build.0 = Debug|Any CPU
		{54C54D1C-070B-4C77-BD7F-DBFD574FA605}.Release|Any CPU.ActiveCfg = Release|Any CPU
		{54C54D1C-070B-4C77-BD7F-DBFD574FA605}.Release|Any CPU.Build.0 = Release|Any CPU
		{E9186C98-5876-448B-97DE-D744CA85FFFF}.Debug|Any CPU.ActiveCfg = Debug|Any CPU
		{E9186C98-5876-448B-97DE-D744CA85FFFF}.Debug|Any CPU.Build.0 = Debug|Any CPU
		{E9186C98-5876-448B-97DE-D744CA85FFFF}.Release|Any CPU.ActiveCfg = Release|Any CPU
		{E9186C98-5876-448B-97DE-D744CA85FFFF}.Release|Any CPU.Build.0 = Release|Any CPU
		{F85B8DC6-6C89-45FB-A6EB-A124AB710FFD}.Debug|Any CPU.ActiveCfg = Debug|Any CPU
		{F85B8DC6-6C89-45FB-A6EB-A124AB710FFD}.Debug|Any CPU.Build.0 = Debug|Any CPU
		{F85B8DC6-6C89-45FB-A6EB-A124AB710FFD}.Release|Any CPU.ActiveCfg = Release|Any CPU
		{F85B8DC6-6C89-45FB-A6EB-A124AB710FFD}.Release|Any CPU.Build.0 = Release|Any CPU
		{8B629655-1750-40C5-8FCC-701483E8D6E7}.Debug|Any CPU.ActiveCfg = Debug|Any CPU
		{8B629655-1750-40C5-8FCC-701483E8D6E7}.Debug|Any CPU.Build.0 = Debug|Any CPU
		{8B629655-1750-40C5-8FCC-701483E8D6E7}.Release|Any CPU.ActiveCfg = Release|Any CPU
		{8B629655-1750-40C5-8FCC-701483E8D6E7}.Release|Any CPU.Build.0 = Release|Any CPU
		{3CBD4CBB-7E01-4D6B-A17C-7629BED96F68}.Debug|Any CPU.ActiveCfg = Debug|Any CPU
		{3CBD4CBB-7E01-4D6B-A17C-7629BED96F68}.Debug|Any CPU.Build.0 = Debug|Any CPU
		{3CBD4CBB-7E01-4D6B-A17C-7629BED96F68}.Release|Any CPU.ActiveCfg = Release|Any CPU
		{3CBD4CBB-7E01-4D6B-A17C-7629BED96F68}.Release|Any CPU.Build.0 = Release|Any CPU
		{816AAA1F-4D9A-4086-A874-126F14B56FBA}.Debug|Any CPU.ActiveCfg = Debug|Any CPU
		{816AAA1F-4D9A-4086-A874-126F14B56FBA}.Debug|Any CPU.Build.0 = Debug|Any CPU
		{816AAA1F-4D9A-4086-A874-126F14B56FBA}.Release|Any CPU.ActiveCfg = Release|Any CPU
		{816AAA1F-4D9A-4086-A874-126F14B56FBA}.Release|Any CPU.Build.0 = Release|Any CPU
		{143F2FBC-D2AC-40F2-A001-E04A94D930DF}.Debug|Any CPU.ActiveCfg = Debug|Any CPU
		{143F2FBC-D2AC-40F2-A001-E04A94D930DF}.Debug|Any CPU.Build.0 = Debug|Any CPU
		{143F2FBC-D2AC-40F2-A001-E04A94D930DF}.Release|Any CPU.ActiveCfg = Release|Any CPU
		{143F2FBC-D2AC-40F2-A001-E04A94D930DF}.Release|Any CPU.Build.0 = Release|Any CPU
		{23D927E8-DB0F-42A5-A634-1EC9CEF511E4}.Debug|Any CPU.ActiveCfg = Debug|Any CPU
		{23D927E8-DB0F-42A5-A634-1EC9CEF511E4}.Debug|Any CPU.Build.0 = Debug|Any CPU
		{23D927E8-DB0F-42A5-A634-1EC9CEF511E4}.Release|Any CPU.ActiveCfg = Release|Any CPU
		{23D927E8-DB0F-42A5-A634-1EC9CEF511E4}.Release|Any CPU.Build.0 = Release|Any CPU
		{8F575FA0-9A7C-4346-84C6-1500AEF94DED}.Debug|Any CPU.ActiveCfg = Debug|Any CPU
		{8F575FA0-9A7C-4346-84C6-1500AEF94DED}.Debug|Any CPU.Build.0 = Debug|Any CPU
		{8F575FA0-9A7C-4346-84C6-1500AEF94DED}.Release|Any CPU.ActiveCfg = Release|Any CPU
		{8F575FA0-9A7C-4346-84C6-1500AEF94DED}.Release|Any CPU.Build.0 = Release|Any CPU
		{57FA0269-E13A-468B-AEB1-4833E9FA6CC2}.Debug|Any CPU.ActiveCfg = Debug|Any CPU
		{57FA0269-E13A-468B-AEB1-4833E9FA6CC2}.Debug|Any CPU.Build.0 = Debug|Any CPU
		{57FA0269-E13A-468B-AEB1-4833E9FA6CC2}.Release|Any CPU.ActiveCfg = Release|Any CPU
		{57FA0269-E13A-468B-AEB1-4833E9FA6CC2}.Release|Any CPU.Build.0 = Release|Any CPU
		{CD553DA0-7FF9-49AE-A47F-E4CDA2C1F51E}.Debug|Any CPU.ActiveCfg = Debug|Any CPU
		{CD553DA0-7FF9-49AE-A47F-E4CDA2C1F51E}.Debug|Any CPU.Build.0 = Debug|Any CPU
		{CD553DA0-7FF9-49AE-A47F-E4CDA2C1F51E}.Release|Any CPU.ActiveCfg = Release|Any CPU
		{CD553DA0-7FF9-49AE-A47F-E4CDA2C1F51E}.Release|Any CPU.Build.0 = Release|Any CPU
		{A352F5F1-20F6-4C1C-A5D8-CAB26DD66A4E}.Debug|Any CPU.ActiveCfg = Debug|Any CPU
		{A352F5F1-20F6-4C1C-A5D8-CAB26DD66A4E}.Debug|Any CPU.Build.0 = Debug|Any CPU
		{A352F5F1-20F6-4C1C-A5D8-CAB26DD66A4E}.Release|Any CPU.ActiveCfg = Release|Any CPU
		{A352F5F1-20F6-4C1C-A5D8-CAB26DD66A4E}.Release|Any CPU.Build.0 = Release|Any CPU
		{E3970EDC-41E4-4E55-8A86-3F75CAA053A5}.Debug|Any CPU.ActiveCfg = Debug|Any CPU
		{E3970EDC-41E4-4E55-8A86-3F75CAA053A5}.Debug|Any CPU.Build.0 = Debug|Any CPU
		{E3970EDC-41E4-4E55-8A86-3F75CAA053A5}.Release|Any CPU.ActiveCfg = Release|Any CPU
		{E3970EDC-41E4-4E55-8A86-3F75CAA053A5}.Release|Any CPU.Build.0 = Release|Any CPU
		{7680AE8D-73FF-4737-8C1E-64045279C87A}.Debug|Any CPU.ActiveCfg = Debug|Any CPU
		{7680AE8D-73FF-4737-8C1E-64045279C87A}.Debug|Any CPU.Build.0 = Debug|Any CPU
		{7680AE8D-73FF-4737-8C1E-64045279C87A}.Release|Any CPU.ActiveCfg = Release|Any CPU
		{7680AE8D-73FF-4737-8C1E-64045279C87A}.Release|Any CPU.Build.0 = Release|Any CPU
		{30E11651-2D8A-494E-9ECE-E80BFB964EC9}.Debug|Any CPU.ActiveCfg = Debug|Any CPU
		{30E11651-2D8A-494E-9ECE-E80BFB964EC9}.Debug|Any CPU.Build.0 = Debug|Any CPU
		{30E11651-2D8A-494E-9ECE-E80BFB964EC9}.Release|Any CPU.ActiveCfg = Release|Any CPU
		{30E11651-2D8A-494E-9ECE-E80BFB964EC9}.Release|Any CPU.Build.0 = Release|Any CPU
		{7F8EEAE3-C883-4D28-B1F4-A1952E5E30E4}.Debug|Any CPU.ActiveCfg = Debug|Any CPU
		{7F8EEAE3-C883-4D28-B1F4-A1952E5E30E4}.Debug|Any CPU.Build.0 = Debug|Any CPU
		{7F8EEAE3-C883-4D28-B1F4-A1952E5E30E4}.Release|Any CPU.ActiveCfg = Release|Any CPU
		{7F8EEAE3-C883-4D28-B1F4-A1952E5E30E4}.Release|Any CPU.Build.0 = Release|Any CPU
		{D0E45AA3-0973-4965-82B6-2931AB17F5AF}.Debug|Any CPU.ActiveCfg = Debug|Any CPU
		{D0E45AA3-0973-4965-82B6-2931AB17F5AF}.Debug|Any CPU.Build.0 = Debug|Any CPU
		{D0E45AA3-0973-4965-82B6-2931AB17F5AF}.Release|Any CPU.ActiveCfg = Release|Any CPU
		{D0E45AA3-0973-4965-82B6-2931AB17F5AF}.Release|Any CPU.Build.0 = Release|Any CPU
		{6AF85F91-B25F-420B-95DB-5CBC106846E4}.Debug|Any CPU.ActiveCfg = Debug|Any CPU
		{6AF85F91-B25F-420B-95DB-5CBC106846E4}.Debug|Any CPU.Build.0 = Debug|Any CPU
		{6AF85F91-B25F-420B-95DB-5CBC106846E4}.Release|Any CPU.ActiveCfg = Release|Any CPU
		{6AF85F91-B25F-420B-95DB-5CBC106846E4}.Release|Any CPU.Build.0 = Release|Any CPU
		{9A6E06EF-D6FD-4060-8C7B-196748E6571F}.Debug|Any CPU.ActiveCfg = Debug|Any CPU
		{9A6E06EF-D6FD-4060-8C7B-196748E6571F}.Debug|Any CPU.Build.0 = Debug|Any CPU
		{9A6E06EF-D6FD-4060-8C7B-196748E6571F}.Release|Any CPU.ActiveCfg = Release|Any CPU
		{9A6E06EF-D6FD-4060-8C7B-196748E6571F}.Release|Any CPU.Build.0 = Release|Any CPU
		{5100EDAC-DEB6-436C-B4C1-75F19B3E4C0C}.Debug|Any CPU.ActiveCfg = Debug|Any CPU
		{5100EDAC-DEB6-436C-B4C1-75F19B3E4C0C}.Debug|Any CPU.Build.0 = Debug|Any CPU
		{5100EDAC-DEB6-436C-B4C1-75F19B3E4C0C}.Release|Any CPU.ActiveCfg = Release|Any CPU
		{5100EDAC-DEB6-436C-B4C1-75F19B3E4C0C}.Release|Any CPU.Build.0 = Release|Any CPU
		{BE1B69DC-A02F-4700-952F-4204E7E96172}.Debug|Any CPU.ActiveCfg = Debug|Any CPU
		{BE1B69DC-A02F-4700-952F-4204E7E96172}.Debug|Any CPU.Build.0 = Debug|Any CPU
		{BE1B69DC-A02F-4700-952F-4204E7E96172}.Release|Any CPU.ActiveCfg = Release|Any CPU
		{BE1B69DC-A02F-4700-952F-4204E7E96172}.Release|Any CPU.Build.0 = Release|Any CPU
		{B59E01CA-9032-4903-9CBA-EA8A02369823}.Debug|Any CPU.ActiveCfg = Debug|Any CPU
		{B59E01CA-9032-4903-9CBA-EA8A02369823}.Debug|Any CPU.Build.0 = Debug|Any CPU
		{B59E01CA-9032-4903-9CBA-EA8A02369823}.Release|Any CPU.ActiveCfg = Release|Any CPU
		{B59E01CA-9032-4903-9CBA-EA8A02369823}.Release|Any CPU.Build.0 = Release|Any CPU
		{1FAC94E0-FDE2-4193-BC32-3FCB37508CEC}.Debug|Any CPU.ActiveCfg = Debug|Any CPU
		{1FAC94E0-FDE2-4193-BC32-3FCB37508CEC}.Debug|Any CPU.Build.0 = Debug|Any CPU
		{1FAC94E0-FDE2-4193-BC32-3FCB37508CEC}.Release|Any CPU.ActiveCfg = Release|Any CPU
		{1FAC94E0-FDE2-4193-BC32-3FCB37508CEC}.Release|Any CPU.Build.0 = Release|Any CPU
	EndGlobalSection
	GlobalSection(SolutionProperties) = preSolution
		HideSolutionNode = FALSE
	EndGlobalSection
	GlobalSection(NestedProjects) = preSolution
		{3B27CFD7-B0DC-4A80-86D1-28B3355A9CB8} = {07C899F5-6C33-4DDA-856E-A1BF6F4AAF73}
		{F7975994-C977-4D73-BD0F-27BD9B56D8ED} = {07C899F5-6C33-4DDA-856E-A1BF6F4AAF73}
		{D0F1AF3B-A697-4E1C-9653-6A6A3266E2B3} = {07C899F5-6C33-4DDA-856E-A1BF6F4AAF73}
		{AE25E804-B19C-47F0-9D83-0C866AF5FD80} = {07C899F5-6C33-4DDA-856E-A1BF6F4AAF73}
		{2DA6090E-7998-4FC3-9A27-4BF5D8F1F0F6} = {07C899F5-6C33-4DDA-856E-A1BF6F4AAF73}
		{D609ED85-0730-4B7D-BCEC-7ED89C346853} = {07C899F5-6C33-4DDA-856E-A1BF6F4AAF73}
		{33B7519F-85AB-45A8-B347-BC7E9AEC01CA} = {07C899F5-6C33-4DDA-856E-A1BF6F4AAF73}
		{7F92D1F8-A4AC-45C8-8807-73131B9980E3} = {07C899F5-6C33-4DDA-856E-A1BF6F4AAF73}
		{17EBA771-FE30-44B8-899E-303204866D27} = {07C899F5-6C33-4DDA-856E-A1BF6F4AAF73}
		{B5500177-1572-43D8-B2CE-CD24CB9BBB87} = {07C899F5-6C33-4DDA-856E-A1BF6F4AAF73}
		{2F0B7A7C-3CE9-45E6-B606-27CFA834222C} = {07C899F5-6C33-4DDA-856E-A1BF6F4AAF73}
		{54C54D1C-070B-4C77-BD7F-DBFD574FA605} = {07C899F5-6C33-4DDA-856E-A1BF6F4AAF73}
		{E9186C98-5876-448B-97DE-D744CA85FFFF} = {07C899F5-6C33-4DDA-856E-A1BF6F4AAF73}
		{F85B8DC6-6C89-45FB-A6EB-A124AB710FFD} = {07C899F5-6C33-4DDA-856E-A1BF6F4AAF73}
		{8B629655-1750-40C5-8FCC-701483E8D6E7} = {07C899F5-6C33-4DDA-856E-A1BF6F4AAF73}
		{3CBD4CBB-7E01-4D6B-A17C-7629BED96F68} = {07C899F5-6C33-4DDA-856E-A1BF6F4AAF73}
		{816AAA1F-4D9A-4086-A874-126F14B56FBA} = {07C899F5-6C33-4DDA-856E-A1BF6F4AAF73}
		{143F2FBC-D2AC-40F2-A001-E04A94D930DF} = {07C899F5-6C33-4DDA-856E-A1BF6F4AAF73}
		{23D927E8-DB0F-42A5-A634-1EC9CEF511E4} = {07C899F5-6C33-4DDA-856E-A1BF6F4AAF73}
		{8F575FA0-9A7C-4346-84C6-1500AEF94DED} = {07C899F5-6C33-4DDA-856E-A1BF6F4AAF73}
		{57FA0269-E13A-468B-AEB1-4833E9FA6CC2} = {07C899F5-6C33-4DDA-856E-A1BF6F4AAF73}
		{CD553DA0-7FF9-49AE-A47F-E4CDA2C1F51E} = {07C899F5-6C33-4DDA-856E-A1BF6F4AAF73}
		{A352F5F1-20F6-4C1C-A5D8-CAB26DD66A4E} = {07C899F5-6C33-4DDA-856E-A1BF6F4AAF73}
		{E3970EDC-41E4-4E55-8A86-3F75CAA053A5} = {07C899F5-6C33-4DDA-856E-A1BF6F4AAF73}
		{7680AE8D-73FF-4737-8C1E-64045279C87A} = {07C899F5-6C33-4DDA-856E-A1BF6F4AAF73}
		{30E11651-2D8A-494E-9ECE-E80BFB964EC9} = {07C899F5-6C33-4DDA-856E-A1BF6F4AAF73}
		{7F8EEAE3-C883-4D28-B1F4-A1952E5E30E4} = {07C899F5-6C33-4DDA-856E-A1BF6F4AAF73}
		{D0E45AA3-0973-4965-82B6-2931AB17F5AF} = {07C899F5-6C33-4DDA-856E-A1BF6F4AAF73}
		{6AF85F91-B25F-420B-95DB-5CBC106846E4} = {07C899F5-6C33-4DDA-856E-A1BF6F4AAF73}
		{C3209D18-B9AB-45CE-A8F1-C12C4922B552} = {15DAA8AD-F69A-4641-BDC3-510C2EDD1D0C}
		{BBCEB379-41C0-49CF-9E53-1F40C1464D52} = {15DAA8AD-F69A-4641-BDC3-510C2EDD1D0C}
		{9A6E06EF-D6FD-4060-8C7B-196748E6571F} = {C3209D18-B9AB-45CE-A8F1-C12C4922B552}
		{5100EDAC-DEB6-436C-B4C1-75F19B3E4C0C} = {BBCEB379-41C0-49CF-9E53-1F40C1464D52}
		{BE1B69DC-A02F-4700-952F-4204E7E96172} = {6D03F0C2-A5CC-4F42-B959-107C90DCFB6F}
		{B59E01CA-9032-4903-9CBA-EA8A02369823} = {6D03F0C2-A5CC-4F42-B959-107C90DCFB6F}
		{1FAC94E0-FDE2-4193-BC32-3FCB37508CEC} = {07C899F5-6C33-4DDA-856E-A1BF6F4AAF73}
	EndGlobalSection
	GlobalSection(ExtensibilityGlobals) = postSolution
		SolutionGuid = {A56E69C2-D46C-4426-84C0-1F24ADF36682}
	EndGlobalSection
EndGlobal
