
Microsoft Visual Studio Solution File, Format Version 12.00
# Visual Studio Version 17
VisualStudioVersion = 17.6.33801.468
MinimumVisualStudioVersion = 10.0.40219.1
Project("{9A19103F-16F7-4668-BE54-9A1E7A4F7556}") = "LinqDemo", "LinqDemo\LinqDemo.csproj", "{FB54495B-481F-42BA-8686-A6DBDFC19182}"
EndProject
Project("{9A19103F-16F7-4668-BE54-9A1E7A4F7556}") = "VarKeyword", "VarKeyword\VarKeyword.csproj", "{480D8941-B1B2-4F3E-8700-52ED73C4DAE5}"
EndProject
Project("{9A19103F-16F7-4668-BE54-9A1E7A4F7556}") = "DynamicKeyword", "DynamicKeyword\DynamicKeyword.csproj", "{53207F09-557A-4E4C-9307-C86692291C7A}"
EndProject
Project("{9A19103F-16F7-4668-BE54-9A1E7A4F7556}") = "TaskDemo", "TaskDemo\TaskDemo.csproj", "{143F89EB-DD5A-475E-B51F-597754C3354B}"
EndProject
Project("{9A19103F-16F7-4668-BE54-9A1E7A4F7556}") = "AbstractClassDemo", "AbstractClassDemo\AbstractClassDemo.csproj", "{B124EED2-884E-4204-8BA3-125CF52985FD}"
EndProject
Project("{9A19103F-16F7-4668-BE54-9A1E7A4F7556}") = "AnonymousMethodRealTimeExample", "AnonymousMethodRealTimeExample\AnonymousMethodRealTimeExample.csproj", "{3D96A1D7-8192-4D0B-AC57-237CC356A024}"
EndProject
Project("{9A19103F-16F7-4668-BE54-9A1E7A4F7556}") = "PresentDay", "PresentDay\PresentDay.csproj", "{9F6A5477-556E-437A-9223-653424DD682D}"
EndProject
Project("{9A19103F-16F7-4668-BE54-9A1E7A4F7556}") = "ArrayListDemo", "ArrayListDemo\ArrayListDemo.csproj", "{214F879F-20A9-4623-A9AD-2EBA334FE20B}"
EndProject
Project("{9A19103F-16F7-4668-BE54-9A1E7A4F7556}") = "ThrowAndThrowexDemo", "ThrowAndThrowexDemo\ThrowAndThrowexDemo.csproj", "{68AC12DF-F1AE-4617-A4AE-E0DC32E0917C}"
EndProject
Project("{FAE04EC0-301F-11D3-BF4B-00C04F79EFBC}") = "StringandStringBuilderDemo", "StringandStringBuilderDemo\StringandStringBuilderDemo.csproj", "{A2E4CF33-9A4E-4902-9380-F100DE6689BF}"
EndProject
Project("{FAE04EC0-301F-11D3-BF4B-00C04F79EFBC}") = "ToStringDemo", "ToStringDemo\ToStringDemo.csproj", "{ABA8FCE7-9DC7-4762-A610-9149496683E1}"
EndProject
Project("{FAE04EC0-301F-11D3-BF4B-00C04F79EFBC}") = "DictionaryDemo", "DictionaryDemo\DictionaryDemo.csproj", "{958948D9-EE3D-4E3A-A360-1A1290DA3CE0}"
EndProject
Project("{FAE04EC0-301F-11D3-BF4B-00C04F79EFBC}") = "ReadAndWriteFile", "ReadAndWriteFile\ReadAndWriteFile.csproj", "{38579D60-5A83-4112-A065-9DB765D9BDA6}"
EndProject
Project("{FAE04EC0-301F-11D3-BF4B-00C04F79EFBC}") = "RefAndOutKeyword", "RefAndOutKeyword\RefAndOutKeyword.csproj", "{6DEA9578-DCC5-40E7-8C71-30A88063A6CA}"
EndProject
Global
	GlobalSection(SolutionConfigurationPlatforms) = preSolution
		Debug|Any CPU = Debug|Any CPU
		Release|Any CPU = Release|Any CPU
	EndGlobalSection
	GlobalSection(ProjectConfigurationPlatforms) = postSolution
		{FB54495B-481F-42BA-8686-A6DBDFC19182}.Debug|Any CPU.ActiveCfg = Debug|Any CPU
		{FB54495B-481F-42BA-8686-A6DBDFC19182}.Debug|Any CPU.Build.0 = Debug|Any CPU
		{FB54495B-481F-42BA-8686-A6DBDFC19182}.Release|Any CPU.ActiveCfg = Release|Any CPU
		{FB54495B-481F-42BA-8686-A6DBDFC19182}.Release|Any CPU.Build.0 = Release|Any CPU
		{480D8941-B1B2-4F3E-8700-52ED73C4DAE5}.Debug|Any CPU.ActiveCfg = Debug|Any CPU
		{480D8941-B1B2-4F3E-8700-52ED73C4DAE5}.Debug|Any CPU.Build.0 = Debug|Any CPU
		{480D8941-B1B2-4F3E-8700-52ED73C4DAE5}.Release|Any CPU.ActiveCfg = Release|Any CPU
		{480D8941-B1B2-4F3E-8700-52ED73C4DAE5}.Release|Any CPU.Build.0 = Release|Any CPU
		{53207F09-557A-4E4C-9307-C86692291C7A}.Debug|Any CPU.ActiveCfg = Debug|Any CPU
		{53207F09-557A-4E4C-9307-C86692291C7A}.Debug|Any CPU.Build.0 = Debug|Any CPU
		{53207F09-557A-4E4C-9307-C86692291C7A}.Release|Any CPU.ActiveCfg = Release|Any CPU
		{53207F09-557A-4E4C-9307-C86692291C7A}.Release|Any CPU.Build.0 = Release|Any CPU
		{143F89EB-DD5A-475E-B51F-597754C3354B}.Debug|Any CPU.ActiveCfg = Debug|Any CPU
		{143F89EB-DD5A-475E-B51F-597754C3354B}.Debug|Any CPU.Build.0 = Debug|Any CPU
		{143F89EB-DD5A-475E-B51F-597754C3354B}.Release|Any CPU.ActiveCfg = Release|Any CPU
		{143F89EB-DD5A-475E-B51F-597754C3354B}.Release|Any CPU.Build.0 = Release|Any CPU
		{B124EED2-884E-4204-8BA3-125CF52985FD}.Debug|Any CPU.ActiveCfg = Debug|Any CPU
		{B124EED2-884E-4204-8BA3-125CF52985FD}.Debug|Any CPU.Build.0 = Debug|Any CPU
		{B124EED2-884E-4204-8BA3-125CF52985FD}.Release|Any CPU.ActiveCfg = Release|Any CPU
		{B124EED2-884E-4204-8BA3-125CF52985FD}.Release|Any CPU.Build.0 = Release|Any CPU
		{3D96A1D7-8192-4D0B-AC57-237CC356A024}.Debug|Any CPU.ActiveCfg = Debug|Any CPU
		{3D96A1D7-8192-4D0B-AC57-237CC356A024}.Debug|Any CPU.Build.0 = Debug|Any CPU
		{3D96A1D7-8192-4D0B-AC57-237CC356A024}.Release|Any CPU.ActiveCfg = Release|Any CPU
		{3D96A1D7-8192-4D0B-AC57-237CC356A024}.Release|Any CPU.Build.0 = Release|Any CPU
		{9F6A5477-556E-437A-9223-653424DD682D}.Debug|Any CPU.ActiveCfg = Debug|Any CPU
		{9F6A5477-556E-437A-9223-653424DD682D}.Debug|Any CPU.Build.0 = Debug|Any CPU
		{9F6A5477-556E-437A-9223-653424DD682D}.Release|Any CPU.ActiveCfg = Release|Any CPU
		{9F6A5477-556E-437A-9223-653424DD682D}.Release|Any CPU.Build.0 = Release|Any CPU
		{214F879F-20A9-4623-A9AD-2EBA334FE20B}.Debug|Any CPU.ActiveCfg = Debug|Any CPU
		{214F879F-20A9-4623-A9AD-2EBA334FE20B}.Debug|Any CPU.Build.0 = Debug|Any CPU
		{214F879F-20A9-4623-A9AD-2EBA334FE20B}.Release|Any CPU.ActiveCfg = Release|Any CPU
		{214F879F-20A9-4623-A9AD-2EBA334FE20B}.Release|Any CPU.Build.0 = Release|Any CPU
		{68AC12DF-F1AE-4617-A4AE-E0DC32E0917C}.Debug|Any CPU.ActiveCfg = Debug|Any CPU
		{68AC12DF-F1AE-4617-A4AE-E0DC32E0917C}.Debug|Any CPU.Build.0 = Debug|Any CPU
		{68AC12DF-F1AE-4617-A4AE-E0DC32E0917C}.Release|Any CPU.ActiveCfg = Release|Any CPU
		{68AC12DF-F1AE-4617-A4AE-E0DC32E0917C}.Release|Any CPU.Build.0 = Release|Any CPU
		{A2E4CF33-9A4E-4902-9380-F100DE6689BF}.Debug|Any CPU.ActiveCfg = Debug|Any CPU
		{A2E4CF33-9A4E-4902-9380-F100DE6689BF}.Debug|Any CPU.Build.0 = Debug|Any CPU
		{A2E4CF33-9A4E-4902-9380-F100DE6689BF}.Release|Any CPU.ActiveCfg = Release|Any CPU
		{A2E4CF33-9A4E-4902-9380-F100DE6689BF}.Release|Any CPU.Build.0 = Release|Any CPU
		{ABA8FCE7-9DC7-4762-A610-9149496683E1}.Debug|Any CPU.ActiveCfg = Debug|Any CPU
		{ABA8FCE7-9DC7-4762-A610-9149496683E1}.Debug|Any CPU.Build.0 = Debug|Any CPU
		{ABA8FCE7-9DC7-4762-A610-9149496683E1}.Release|Any CPU.ActiveCfg = Release|Any CPU
		{ABA8FCE7-9DC7-4762-A610-9149496683E1}.Release|Any CPU.Build.0 = Release|Any CPU
		{958948D9-EE3D-4E3A-A360-1A1290DA3CE0}.Debug|Any CPU.ActiveCfg = Debug|Any CPU
		{958948D9-EE3D-4E3A-A360-1A1290DA3CE0}.Debug|Any CPU.Build.0 = Debug|Any CPU
		{958948D9-EE3D-4E3A-A360-1A1290DA3CE0}.Release|Any CPU.ActiveCfg = Release|Any CPU
		{958948D9-EE3D-4E3A-A360-1A1290DA3CE0}.Release|Any CPU.Build.0 = Release|Any CPU
		{38579D60-5A83-4112-A065-9DB765D9BDA6}.Debug|Any CPU.ActiveCfg = Debug|Any CPU
		{38579D60-5A83-4112-A065-9DB765D9BDA6}.Debug|Any CPU.Build.0 = Debug|Any CPU
		{38579D60-5A83-4112-A065-9DB765D9BDA6}.Release|Any CPU.ActiveCfg = Release|Any CPU
		{38579D60-5A83-4112-A065-9DB765D9BDA6}.Release|Any CPU.Build.0 = Release|Any CPU
		{6DEA9578-DCC5-40E7-8C71-30A88063A6CA}.Debug|Any CPU.ActiveCfg = Debug|Any CPU
		{6DEA9578-DCC5-40E7-8C71-30A88063A6CA}.Debug|Any CPU.Build.0 = Debug|Any CPU
		{6DEA9578-DCC5-40E7-8C71-30A88063A6CA}.Release|Any CPU.ActiveCfg = Release|Any CPU
		{6DEA9578-DCC5-40E7-8C71-30A88063A6CA}.Release|Any CPU.Build.0 = Release|Any CPU
	EndGlobalSection
	GlobalSection(SolutionProperties) = preSolution
		HideSolutionNode = FALSE
	EndGlobalSection
	GlobalSection(ExtensibilityGlobals) = postSolution
		SolutionGuid = {8E5A40F5-428A-4382-8BEE-2BFD3293674F}
	EndGlobalSection
EndGlobal
