
Microsoft Visual Studio Solution File, Format Version 12.00
# Visual Studio Version 17
VisualStudioVersion = 17.6.33801.468
MinimumVisualStudioVersion = 10.0.40219.1
Project("{FAE04EC0-301F-11D3-BF4B-00C04F79EFBC}") = "CSharpAssessment", "CSharpAssessment\CSharpAssessment.csproj", "{C44C4854-26DE-4B44-A114-CA9B2F1E6818}"
EndProject
Global
	GlobalSection(SolutionConfigurationPlatforms) = preSolution
		Debug|Any CPU = Debug|Any CPU
		Release|Any CPU = Release|Any CPU
	EndGlobalSection
	GlobalSection(ProjectConfigurationPlatforms) = postSolution
		{C44C4854-26DE-4B44-A114-CA9B2F1E6818}.Debug|Any CPU.ActiveCfg = Debug|Any CPU
		{C44C4854-26DE-4B44-A114-CA9B2F1E6818}.Debug|Any CPU.Build.0 = Debug|Any CPU
		{C44C4854-26DE-4B44-A114-CA9B2F1E6818}.Release|Any CPU.ActiveCfg = Release|Any CPU
		{C44C4854-26DE-4B44-A114-CA9B2F1E6818}.Release|Any CPU.Build.0 = Release|Any CPU
	EndGlobalSection
	GlobalSection(SolutionProperties) = preSolution
		HideSolutionNode = FALSE
	EndGlobalSection
	GlobalSection(ExtensibilityGlobals) = postSolution
		SolutionGuid = {ED5CB001-42F0-4C40-8E5F-CB4981726597}
	EndGlobalSection
EndGlobal
